{
  "name": "tic-tac-toe-web-app",
  "version": "1.0.0",
  "lockfileVersion": 2,
  "requires": true,
  "packages": {
    "": {
      "name": "tic-tac-toe-web-app",
      "version": "1.0.0",
      "dependencies": {
        "express": "^4.18.1"
      }
    },
    "node_modules/express": {
      "version": "4.18.1",
      "resolved": "https://registry.npmjs.org/express/-/express-4.18.1.tgz",
      "integrity": "sha512-cj6Az7KoNNCTx0U1ZUKVZTRsGfCztSA1z5O3lh1ok5KFlnaR/pzy9fK6z68Z/Jj8BZ+h5O54BRXoP5v9LF2GvA==",
      "engines": {
        "node": ">= 0.10.0"
      },
      "dependencies": {
        "accepts": "~1.3.7",
        "body-parser": "~1.19.0",
        "content-disposition": "0.5.4",
        "content-type": "~1.0.4",
        "cookie": "0.4.1",
        "cookie-signature": "1.0.6",
        "debug": "2.6.9",
        "depd": "~2.0.0",
        "encodeurl": "~1.0.2",
        "escape-html": "~1.0.3",
        "escape-string-regexp": "~4.0.0",
        "etag": "~1.8.1",
        "finalhandler": "~1.1.2",
        "fresh": "0.5.2",
        "http-errors": "~1.7.3",
        "on-finished": "~2.3.0",
        "parseurl": "~1.3.3",
        "path-to-regexp": "6.x.x",
        "proxy-addr": "~2.0.7",
        "qs": "~6.9.7",
        "range-parser": "~1.2.1",
        "safe-buffer": "5.2.1",
        "send": "~0.18.0",
        "serve-static": "~1.15.0",
        "type-is": "~1.6.18",
        "utils-merge": "1.0.1",
        "vary": "~1.1.2"
      },
      "engines": {
        "node": ">= 0.10.0"
      }
    }
  },
  "devDependencies": {}
}
